
Microsoft Visual Studio Solution File, Format Version 12.00
# Visual Studio Version 17
VisualStudioVersion = 17.1.32328.378
MinimumVisualStudioVersion = 10.0.40219.1
Project("{9A19103F-16F7-4668-BE54-9A1E7A4F7556}") = "UserMgr.WebAPI", "UserMgr.WebAPI\UserMgr.WebAPI.csproj", "{9321FADC-FC2C-4EB7-ACF4-64EB2EF7897A}"
EndProject
Project("{9A19103F-16F7-4668-BE54-9A1E7A4F7556}") = "UserMgr.Domain", "UserMgr.Domain\UserMgr.Domain.csproj", "{744E699B-935F-45E1-84C5-4CFBC2AE2548}"
EndProject
Project("{FAE04EC0-301F-11D3-BF4B-00C04F79EFBC}") = "UserMgr.Infra", "UserMgr.Infra\UserMgr.Infra.csproj", "{9AB27240-9FC9-4176-A788-EE08FDE38ABC}"
EndProject
Global
	GlobalSection(SolutionConfigurationPlatforms) = preSolution
		Debug|Any CPU = Debug|Any CPU
		Release|Any CPU = Release|Any CPU
	EndGlobalSection
	GlobalSection(ProjectConfigurationPlatforms) = postSolution
		{9321FADC-FC2C-4EB7-ACF4-64EB2EF7897A}.Debug|Any CPU.ActiveCfg = Debug|Any CPU
		{9321FADC-FC2C-4EB7-ACF4-64EB2EF7897A}.Debug|Any CPU.Build.0 = Debug|Any CPU
		{9321FADC-FC2C-4EB7-ACF4-64EB2EF7897A}.Release|Any CPU.ActiveCfg = Release|Any CPU
		{9321FADC-FC2C-4EB7-ACF4-64EB2EF7897A}.Release|Any CPU.Build.0 = Release|Any CPU
		{744E699B-935F-45E1-84C5-4CFBC2AE2548}.Debug|Any CPU.ActiveCfg = Debug|Any CPU
		{744E699B-935F-45E1-84C5-4CFBC2AE2548}.Debug|Any CPU.Build.0 = Debug|Any CPU
		{744E699B-935F-45E1-84C5-4CFBC2AE2548}.Release|Any CPU.ActiveCfg = Release|Any CPU
		{744E699B-935F-45E1-84C5-4CFBC2AE2548}.Release|Any CPU.Build.0 = Release|Any CPU
		{9AB27240-9FC9-4176-A788-EE08FDE38ABC}.Debug|Any CPU.ActiveCfg = Debug|Any CPU
		{9AB27240-9FC9-4176-A788-EE08FDE38ABC}.Debug|Any CPU.Build.0 = Debug|Any CPU
		{9AB27240-9FC9-4176-A788-EE08FDE38ABC}.Release|Any CPU.ActiveCfg = Release|Any CPU
		{9AB27240-9FC9-4176-A788-EE08FDE38ABC}.Release|Any CPU.Build.0 = Release|Any CPU
	EndGlobalSection
	GlobalSection(SolutionProperties) = preSolution
		HideSolutionNode = FALSE
	EndGlobalSection
	GlobalSection(ExtensibilityGlobals) = postSolution
		SolutionGuid = {C04D225E-7384-488F-9BC3-96233826C6F4}
	EndGlobalSection
EndGlobal
